
Microsoft Visual Studio Solution File, Format Version 12.00
# Visual Studio 15
VisualStudioVersion = 15.0.28307.852
MinimumVisualStudioVersion = 10.0.40219.1
Project("{9A19103F-16F7-4668-BE54-9A1E7A4F7556}") = "Storeak.Demo.Panel", "Storeak.Demo.Panel\Storeak.Demo.Panel.csproj", "{9D6FB35D-648D-4F0F-AF73-8C2A5C98D628}"
EndProject
Project("{9A19103F-16F7-4668-BE54-9A1E7A4F7556}") = "Storeak.Demo.Panel.Service", "Storeak.Demo.Panel.Service\Storeak.Demo.Panel.Service.csproj", "{064A1DA7-4CDB-4A2E-89F3-A2103E0F78C6}"
EndProject
Global
	GlobalSection(SolutionConfigurationPlatforms) = preSolution
		Debug|Any CPU = Debug|Any CPU
		Release|Any CPU = Release|Any CPU
	EndGlobalSection
	GlobalSection(ProjectConfigurationPlatforms) = postSolution
		{9D6FB35D-648D-4F0F-AF73-8C2A5C98D628}.Debug|Any CPU.ActiveCfg = Debug|Any CPU
		{9D6FB35D-648D-4F0F-AF73-8C2A5C98D628}.Debug|Any CPU.Build.0 = Debug|Any CPU
		{9D6FB35D-648D-4F0F-AF73-8C2A5C98D628}.Release|Any CPU.ActiveCfg = Release|Any CPU
		{9D6FB35D-648D-4F0F-AF73-8C2A5C98D628}.Release|Any CPU.Build.0 = Release|Any CPU
		{064A1DA7-4CDB-4A2E-89F3-A2103E0F78C6}.Debug|Any CPU.ActiveCfg = Debug|Any CPU
		{064A1DA7-4CDB-4A2E-89F3-A2103E0F78C6}.Debug|Any CPU.Build.0 = Debug|Any CPU
		{064A1DA7-4CDB-4A2E-89F3-A2103E0F78C6}.Release|Any CPU.ActiveCfg = Release|Any CPU
		{064A1DA7-4CDB-4A2E-89F3-A2103E0F78C6}.Release|Any CPU.Build.0 = Release|Any CPU
	EndGlobalSection
	GlobalSection(SolutionProperties) = preSolution
		HideSolutionNode = FALSE
	EndGlobalSection
	GlobalSection(ExtensibilityGlobals) = postSolution
		SolutionGuid = {67F64AC7-4B24-45DD-A7AB-8830EFF8619A}
	EndGlobalSection
EndGlobal
